Microsoft Visual Studio Solution File, Format Version 12.00
# Visual Studio Version 17
VisualStudioVersion = 17.1.32328.378
MinimumVisualStudioVersion = 10.0.40219.1
Project("{2150E333-8FDC-42A3-9474-1A3956D46DE8}") = "Solution Items", "Solution Items", "{9E910495-5F6B-497B-A751-AA6804459DE8}"
	ProjectSection(SolutionItems) = preProject
		Directory.Build.props = Directory.Build.props
	EndProjectSection
EndProject
Project("{2150E333-8FDC-42A3-9474-1A3956D46DE8}") = "DevConfigs", "DevConfigs", "{8869F1D1-1809-4CD8-8C77-311991C04AE9}"
	ProjectSection(SolutionItems) = preProject
		DevConfigs\.editorconfig = DevConfigs\.editorconfig
		DevConfigs\Directory.Build.props = DevConfigs\Directory.Build.props
	EndProjectSection
EndProject
Project("{2150E333-8FDC-42A3-9474-1A3956D46DE8}") = "test", "test", "{0C749CE0-73C3-4C8D-8FE0-41F326506E05}"
EndProject
Project("{9A19103F-16F7-4668-BE54-9A1E7A4F7556}") = "FEX.OneDrv.Test", "test\FEX.OneDrv.Test\FEX.OneDrv.Test.csproj", "{371C1D44-472F-4E8A-94DA-02655E1AF24D}"
EndProject
Project("{9A19103F-16F7-4668-BE54-9A1E7A4F7556}") = "FEx.AzureStorage.Test", "test\FEx.AzureStorage.Test\FEx.AzureStorage.Test.csproj", "{CCE99B57-1D02-45F3-8685-6D5E793BC3CB}"
EndProject
Project("{2150E333-8FDC-42A3-9474-1A3956D46DE8}") = "src", "src", "{D112AF0B-B9EF-4EDB-8CFB-1456689B197F}"
EndProject
Project("{9A19103F-16F7-4668-BE54-9A1E7A4F7556}") = "FEx.WPFx", "src\FEx.WPFx\FEx.WPFx.csproj", "{533B70A5-EDED-40A0-BCA2-7924DB5AAFCF}"
EndProject
Project("{9A19103F-16F7-4668-BE54-9A1E7A4F7556}") = "FEx.Webx", "src\FEx.Webx\FEx.Webx.csproj", "{DC99D1AF-CE5C-4F7E-9D64-4B6191487BEC}"
EndProject
Project("{9A19103F-16F7-4668-BE54-9A1E7A4F7556}") = "FEx.Telemetry", "src\FEx.Telemetry\FEx.Telemetry.csproj", "{04D6928E-565C-42CD-B08F-8CF5903B6C2C}"
EndProject
Project("{9A19103F-16F7-4668-BE54-9A1E7A4F7556}") = "FEx.Rx", "src\FEx.Rx\FEx.Rx.csproj", "{4C986B68-B1AF-45DD-8881-13CC29486249}"
EndProject
Project("{9A19103F-16F7-4668-BE54-9A1E7A4F7556}") = "FEx.OneDrv", "src\FEx.OneDrv\FEx.OneDrv.csproj", "{F770039A-25C2-4830-87B6-314A59ED5CCB}"
EndProject
Project("{9A19103F-16F7-4668-BE54-9A1E7A4F7556}") = "FEx.MVVM.Abstractions", "src\FEx.MVVM.Abstractions\FEx.MVVM.Abstractions.csproj", "{CD8AF4C4-FCBF-4177-8E65-251074BE8B96}"
EndProject
Project("{9A19103F-16F7-4668-BE54-9A1E7A4F7556}") = "FEx.MVVM", "src\FEx.MVVM\FEx.MVVM.csproj", "{EE73C666-E65A-4236-AAB0-698D15F5917F}"
EndProject
Project("{9A19103F-16F7-4668-BE54-9A1E7A4F7556}") = "FEx.Maui", "src\FEx.Maui\FEx.Maui.csproj", "{C55D8105-F03D-4E82-8F83-9FC466BD8D40}"
EndProject
Project("{9A19103F-16F7-4668-BE54-9A1E7A4F7556}") = "FEx.Logging.Abstractions", "src\FEx.Logging.Abstractions\FEx.Logging.Abstractions.csproj", "{F87465FE-2628-4EE3-82BF-272267763BFD}"
EndProject
Project("{9A19103F-16F7-4668-BE54-9A1E7A4F7556}") = "FEx.Logging", "src\FEx.Logging\FEx.Logging.csproj", "{9D3081A5-AA37-4B06-974D-25862C3A6393}"
EndProject
Project("{9A19103F-16F7-4668-BE54-9A1E7A4F7556}") = "FEx.KeyVault", "src\FEx.KeyVault\FEx.KeyVault.csproj", "{F905354F-C029-46F2-B5CA-1B38C31EFBF6}"
EndProject
Project("{9A19103F-16F7-4668-BE54-9A1E7A4F7556}") = "FEx.Json", "src\FEx.Json\FEx.Json.csproj", "{16402165-A10B-4E74-8E9A-329E7644CB36}"
EndProject
Project("{9A19103F-16F7-4668-BE54-9A1E7A4F7556}") = "FEx.Fundamentals", "src\FEx.Fundamentals\FEx.Fundamentals.csproj", "{E4385066-9E62-4A6E-B65F-8A187D799532}"
EndProject
Project("{9A19103F-16F7-4668-BE54-9A1E7A4F7556}") = "FEx.Flurlx", "src\FEx.Flurlx\FEx.Flurlx.csproj", "{C47ADE91-BC63-4814-BE8F-DD55D47F8122}"
EndProject
Project("{9A19103F-16F7-4668-BE54-9A1E7A4F7556}") = "FEx.Extensions", "src\FEx.Extensions\FEx.Extensions.csproj", "{1C7AA3F3-1655-46CB-B606-F1FCAAC0E6DA}"
EndProject
Project("{9A19103F-16F7-4668-BE54-9A1E7A4F7556}") = "FEx.DependencyInjection", "src\FEx.DependencyInjection\FEx.DependencyInjection.csproj", "{AFAEAB46-CD83-49CC-91DC-4CAA3BAAA2E9}"
EndProject
Project("{9A19103F-16F7-4668-BE54-9A1E7A4F7556}") = "FEx.CLI", "src\FEx.CLI\FEx.CLI.csproj", "{018E7C88-B4E2-41C7-AC67-575BA329237E}"
EndProject
Project("{9A19103F-16F7-4668-BE54-9A1E7A4F7556}") = "FEx.AzureStorage", "src\FEx.AzureStorage\FEx.AzureStorage.csproj", "{DCDF26AC-70BB-4CBC-B99A-78D8B7B23CFD}"
EndProject
Project("{9A19103F-16F7-4668-BE54-9A1E7A4F7556}") = "FEx.Avaloniax", "src\FEx.Avaloniax\FEx.Avaloniax.csproj", "{FEC045F2-21F3-4BE6-97D8-5EBB231EA4C2}"
EndProject
Project("{9A19103F-16F7-4668-BE54-9A1E7A4F7556}") = "FEx.AppSettings", "src\FEx.AppSettings\FEx.AppSettings.csproj", "{FEB668ED-E4EF-49D2-92E0-43158F084A39}"
EndProject
Project("{9A19103F-16F7-4668-BE54-9A1E7A4F7556}") = "FEx.Abstractions", "src\FEx.Abstractions\FEx.Abstractions.csproj", "{60AA72F3-5FE6-44E0-8D5D-A53DB1E12732}"
EndProject
Global
	GlobalSection(SolutionConfigurationPlatforms) = preSolution
		Debug|Any CPU = Debug|Any CPU
		Release|Any CPU = Release|Any CPU
	EndGlobalSection
	GlobalSection(ProjectConfigurationPlatforms) = postSolution
		{371C1D44-472F-4E8A-94DA-02655E1AF24D}.Debug|Any CPU.ActiveCfg = Debug|Any CPU
		{371C1D44-472F-4E8A-94DA-02655E1AF24D}.Debug|Any CPU.Build.0 = Debug|Any CPU
		{371C1D44-472F-4E8A-94DA-02655E1AF24D}.Release|Any CPU.ActiveCfg = Release|Any CPU
		{371C1D44-472F-4E8A-94DA-02655E1AF24D}.Release|Any CPU.Build.0 = Release|Any CPU
		{CCE99B57-1D02-45F3-8685-6D5E793BC3CB}.Debug|Any CPU.ActiveCfg = Debug|Any CPU
		{CCE99B57-1D02-45F3-8685-6D5E793BC3CB}.Debug|Any CPU.Build.0 = Debug|Any CPU
		{CCE99B57-1D02-45F3-8685-6D5E793BC3CB}.Release|Any CPU.ActiveCfg = Release|Any CPU
		{CCE99B57-1D02-45F3-8685-6D5E793BC3CB}.Release|Any CPU.Build.0 = Release|Any CPU
		{533B70A5-EDED-40A0-BCA2-7924DB5AAFCF}.Debug|Any CPU.ActiveCfg = Debug|Any CPU
		{533B70A5-EDED-40A0-BCA2-7924DB5AAFCF}.Debug|Any CPU.Build.0 = Debug|Any CPU
		{533B70A5-EDED-40A0-BCA2-7924DB5AAFCF}.Release|Any CPU.ActiveCfg = Release|Any CPU
		{533B70A5-EDED-40A0-BCA2-7924DB5AAFCF}.Release|Any CPU.Build.0 = Release|Any CPU
		{DC99D1AF-CE5C-4F7E-9D64-4B6191487BEC}.Debug|Any CPU.ActiveCfg = Debug|Any CPU
		{DC99D1AF-CE5C-4F7E-9D64-4B6191487BEC}.Debug|Any CPU.Build.0 = Debug|Any CPU
		{DC99D1AF-CE5C-4F7E-9D64-4B6191487BEC}.Release|Any CPU.ActiveCfg = Release|Any CPU
		{DC99D1AF-CE5C-4F7E-9D64-4B6191487BEC}.Release|Any CPU.Build.0 = Release|Any CPU
		{04D6928E-565C-42CD-B08F-8CF5903B6C2C}.Debug|Any CPU.ActiveCfg = Debug|Any CPU
		{04D6928E-565C-42CD-B08F-8CF5903B6C2C}.Debug|Any CPU.Build.0 = Debug|Any CPU
		{04D6928E-565C-42CD-B08F-8CF5903B6C2C}.Release|Any CPU.ActiveCfg = Release|Any CPU
		{04D6928E-565C-42CD-B08F-8CF5903B6C2C}.Release|Any CPU.Build.0 = Release|Any CPU
		{4C986B68-B1AF-45DD-8881-13CC29486249}.Debug|Any CPU.ActiveCfg = Debug|Any CPU
		{4C986B68-B1AF-45DD-8881-13CC29486249}.Debug|Any CPU.Build.0 = Debug|Any CPU
		{4C986B68-B1AF-45DD-8881-13CC29486249}.Release|Any CPU.ActiveCfg = Release|Any CPU
		{4C986B68-B1AF-45DD-8881-13CC29486249}.Release|Any CPU.Build.0 = Release|Any CPU
		{F770039A-25C2-4830-87B6-314A59ED5CCB}.Debug|Any CPU.ActiveCfg = Debug|Any CPU
		{F770039A-25C2-4830-87B6-314A59ED5CCB}.Debug|Any CPU.Build.0 = Debug|Any CPU
		{F770039A-25C2-4830-87B6-314A59ED5CCB}.Release|Any CPU.ActiveCfg = Release|Any CPU
		{F770039A-25C2-4830-87B6-314A59ED5CCB}.Release|Any CPU.Build.0 = Release|Any CPU
		{CD8AF4C4-FCBF-4177-8E65-251074BE8B96}.Debug|Any CPU.ActiveCfg = Debug|Any CPU
		{CD8AF4C4-FCBF-4177-8E65-251074BE8B96}.Debug|Any CPU.Build.0 = Debug|Any CPU
		{CD8AF4C4-FCBF-4177-8E65-251074BE8B96}.Release|Any CPU.ActiveCfg = Release|Any CPU
		{CD8AF4C4-FCBF-4177-8E65-251074BE8B96}.Release|Any CPU.Build.0 = Release|Any CPU
		{EE73C666-E65A-4236-AAB0-698D15F5917F}.Debug|Any CPU.ActiveCfg = Debug|Any CPU
		{EE73C666-E65A-4236-AAB0-698D15F5917F}.Debug|Any CPU.Build.0 = Debug|Any CPU
		{EE73C666-E65A-4236-AAB0-698D15F5917F}.Release|Any CPU.ActiveCfg = Release|Any CPU
		{EE73C666-E65A-4236-AAB0-698D15F5917F}.Release|Any CPU.Build.0 = Release|Any CPU
		{C55D8105-F03D-4E82-8F83-9FC466BD8D40}.Debug|Any CPU.ActiveCfg = Debug|Any CPU
		{C55D8105-F03D-4E82-8F83-9FC466BD8D40}.Debug|Any CPU.Build.0 = Debug|Any CPU
		{C55D8105-F03D-4E82-8F83-9FC466BD8D40}.Release|Any CPU.ActiveCfg = Release|Any CPU
		{C55D8105-F03D-4E82-8F83-9FC466BD8D40}.Release|Any CPU.Build.0 = Release|Any CPU
		{F87465FE-2628-4EE3-82BF-272267763BFD}.Debug|Any CPU.ActiveCfg = Debug|Any CPU
		{F87465FE-2628-4EE3-82BF-272267763BFD}.Debug|Any CPU.Build.0 = Debug|Any CPU
		{F87465FE-2628-4EE3-82BF-272267763BFD}.Release|Any CPU.ActiveCfg = Release|Any CPU
		{F87465FE-2628-4EE3-82BF-272267763BFD}.Release|Any CPU.Build.0 = Release|Any CPU
		{9D3081A5-AA37-4B06-974D-25862C3A6393}.Debug|Any CPU.ActiveCfg = Debug|Any CPU
		{9D3081A5-AA37-4B06-974D-25862C3A6393}.Debug|Any CPU.Build.0 = Debug|Any CPU
		{9D3081A5-AA37-4B06-974D-25862C3A6393}.Release|Any CPU.ActiveCfg = Release|Any CPU
		{9D3081A5-AA37-4B06-974D-25862C3A6393}.Release|Any CPU.Build.0 = Release|Any CPU
		{F905354F-C029-46F2-B5CA-1B38C31EFBF6}.Debug|Any CPU.ActiveCfg = Debug|Any CPU
		{F905354F-C029-46F2-B5CA-1B38C31EFBF6}.Debug|Any CPU.Build.0 = Debug|Any CPU
		{F905354F-C029-46F2-B5CA-1B38C31EFBF6}.Release|Any CPU.ActiveCfg = Release|Any CPU
		{F905354F-C029-46F2-B5CA-1B38C31EFBF6}.Release|Any CPU.Build.0 = Release|Any CPU
		{16402165-A10B-4E74-8E9A-329E7644CB36}.Debug|Any CPU.ActiveCfg = Debug|Any CPU
		{16402165-A10B-4E74-8E9A-329E7644CB36}.Debug|Any CPU.Build.0 = Debug|Any CPU
		{16402165-A10B-4E74-8E9A-329E7644CB36}.Release|Any CPU.ActiveCfg = Release|Any CPU
		{16402165-A10B-4E74-8E9A-329E7644CB36}.Release|Any CPU.Build.0 = Release|Any CPU
		{E4385066-9E62-4A6E-B65F-8A187D799532}.Debug|Any CPU.ActiveCfg = Debug|Any CPU
		{E4385066-9E62-4A6E-B65F-8A187D799532}.Debug|Any CPU.Build.0 = Debug|Any CPU
		{E4385066-9E62-4A6E-B65F-8A187D799532}.Release|Any CPU.ActiveCfg = Release|Any CPU
		{E4385066-9E62-4A6E-B65F-8A187D799532}.Release|Any CPU.Build.0 = Release|Any CPU
		{C47ADE91-BC63-4814-BE8F-DD55D47F8122}.Debug|Any CPU.ActiveCfg = Debug|Any CPU
		{C47ADE91-BC63-4814-BE8F-DD55D47F8122}.Debug|Any CPU.Build.0 = Debug|Any CPU
		{C47ADE91-BC63-4814-BE8F-DD55D47F8122}.Release|Any CPU.ActiveCfg = Release|Any CPU
		{C47ADE91-BC63-4814-BE8F-DD55D47F8122}.Release|Any CPU.Build.0 = Release|Any CPU
		{1C7AA3F3-1655-46CB-B606-F1FCAAC0E6DA}.Debug|Any CPU.ActiveCfg = Debug|Any CPU
		{1C7AA3F3-1655-46CB-B606-F1FCAAC0E6DA}.Debug|Any CPU.Build.0 = Debug|Any CPU
		{1C7AA3F3-1655-46CB-B606-F1FCAAC0E6DA}.Release|Any CPU.ActiveCfg = Release|Any CPU
		{1C7AA3F3-1655-46CB-B606-F1FCAAC0E6DA}.Release|Any CPU.Build.0 = Release|Any CPU
		{AFAEAB46-CD83-49CC-91DC-4CAA3BAAA2E9}.Debug|Any CPU.ActiveCfg = Debug|Any CPU
		{AFAEAB46-CD83-49CC-91DC-4CAA3BAAA2E9}.Debug|Any CPU.Build.0 = Debug|Any CPU
		{AFAEAB46-CD83-49CC-91DC-4CAA3BAAA2E9}.Release|Any CPU.ActiveCfg = Release|Any CPU
		{AFAEAB46-CD83-49CC-91DC-4CAA3BAAA2E9}.Release|Any CPU.Build.0 = Release|Any CPU
		{018E7C88-B4E2-41C7-AC67-575BA329237E}.Debug|Any CPU.ActiveCfg = Debug|Any CPU
		{018E7C88-B4E2-41C7-AC67-575BA329237E}.Debug|Any CPU.Build.0 = Debug|Any CPU
		{018E7C88-B4E2-41C7-AC67-575BA329237E}.Release|Any CPU.ActiveCfg = Release|Any CPU
		{018E7C88-B4E2-41C7-AC67-575BA329237E}.Release|Any CPU.Build.0 = Release|Any CPU
		{DCDF26AC-70BB-4CBC-B99A-78D8B7B23CFD}.Debug|Any CPU.ActiveCfg = Debug|Any CPU
		{DCDF26AC-70BB-4CBC-B99A-78D8B7B23CFD}.Debug|Any CPU.Build.0 = Debug|Any CPU
		{DCDF26AC-70BB-4CBC-B99A-78D8B7B23CFD}.Release|Any CPU.ActiveCfg = Release|Any CPU
		{DCDF26AC-70BB-4CBC-B99A-78D8B7B23CFD}.Release|Any CPU.Build.0 = Release|Any CPU
		{FEC045F2-21F3-4BE6-97D8-5EBB231EA4C2}.Debug|Any CPU.ActiveCfg = Debug|Any CPU
		{FEC045F2-21F3-4BE6-97D8-5EBB231EA4C2}.Debug|Any CPU.Build.0 = Debug|Any CPU
		{FEC045F2-21F3-4BE6-97D8-5EBB231EA4C2}.Release|Any CPU.ActiveCfg = Release|Any CPU
		{FEC045F2-21F3-4BE6-97D8-5EBB231EA4C2}.Release|Any CPU.Build.0 = Release|Any CPU
		{FEB668ED-E4EF-49D2-92E0-43158F084A39}.Debug|Any CPU.ActiveCfg = Debug|Any CPU
		{FEB668ED-E4EF-49D2-92E0-43158F084A39}.Debug|Any CPU.Build.0 = Debug|Any CPU
		{FEB668ED-E4EF-49D2-92E0-43158F084A39}.Release|Any CPU.ActiveCfg = Release|Any CPU
		{FEB668ED-E4EF-49D2-92E0-43158F084A39}.Release|Any CPU.Build.0 = Release|Any CPU
		{60AA72F3-5FE6-44E0-8D5D-A53DB1E12732}.Debug|Any CPU.ActiveCfg = Debug|Any CPU
		{60AA72F3-5FE6-44E0-8D5D-A53DB1E12732}.Debug|Any CPU.Build.0 = Debug|Any CPU
		{60AA72F3-5FE6-44E0-8D5D-A53DB1E12732}.Release|Any CPU.ActiveCfg = Release|Any CPU
		{60AA72F3-5FE6-44E0-8D5D-A53DB1E12732}.Release|Any CPU.Build.0 = Release|Any CPU
	EndGlobalSection
	GlobalSection(SolutionProperties) = preSolution
		HideSolutionNode = FALSE
	EndGlobalSection
	GlobalSection(NestedProjects) = preSolution
		{8869F1D1-1809-4CD8-8C77-311991C04AE9} = {9E910495-5F6B-497B-A751-AA6804459DE8}
		{371C1D44-472F-4E8A-94DA-02655E1AF24D} = {0C749CE0-73C3-4C8D-8FE0-41F326506E05}
		{CCE99B57-1D02-45F3-8685-6D5E793BC3CB} = {0C749CE0-73C3-4C8D-8FE0-41F326506E05}
		{533B70A5-EDED-40A0-BCA2-7924DB5AAFCF} = {D112AF0B-B9EF-4EDB-8CFB-1456689B197F}
		{DC99D1AF-CE5C-4F7E-9D64-4B6191487BEC} = {D112AF0B-B9EF-4EDB-8CFB-1456689B197F}
		{04D6928E-565C-42CD-B08F-8CF5903B6C2C} = {D112AF0B-B9EF-4EDB-8CFB-1456689B197F}
		{4C986B68-B1AF-45DD-8881-13CC29486249} = {D112AF0B-B9EF-4EDB-8CFB-1456689B197F}
		{F770039A-25C2-4830-87B6-314A59ED5CCB} = {D112AF0B-B9EF-4EDB-8CFB-1456689B197F}
		{CD8AF4C4-FCBF-4177-8E65-251074BE8B96} = {D112AF0B-B9EF-4EDB-8CFB-1456689B197F}
		{EE73C666-E65A-4236-AAB0-698D15F5917F} = {D112AF0B-B9EF-4EDB-8CFB-1456689B197F}
		{C55D8105-F03D-4E82-8F83-9FC466BD8D40} = {D112AF0B-B9EF-4EDB-8CFB-1456689B197F}
		{F87465FE-2628-4EE3-82BF-272267763BFD} = {D112AF0B-B9EF-4EDB-8CFB-1456689B197F}
		{9D3081A5-AA37-4B06-974D-25862C3A6393} = {D112AF0B-B9EF-4EDB-8CFB-1456689B197F}
		{F905354F-C029-46F2-B5CA-1B38C31EFBF6} = {D112AF0B-B9EF-4EDB-8CFB-1456689B197F}
		{16402165-A10B-4E74-8E9A-329E7644CB36} = {D112AF0B-B9EF-4EDB-8CFB-1456689B197F}
		{E4385066-9E62-4A6E-B65F-8A187D799532} = {D112AF0B-B9EF-4EDB-8CFB-1456689B197F}
		{C47ADE91-BC63-4814-BE8F-DD55D47F8122} = {D112AF0B-B9EF-4EDB-8CFB-1456689B197F}
		{1C7AA3F3-1655-46CB-B606-F1FCAAC0E6DA} = {D112AF0B-B9EF-4EDB-8CFB-1456689B197F}
		{AFAEAB46-CD83-49CC-91DC-4CAA3BAAA2E9} = {D112AF0B-B9EF-4EDB-8CFB-1456689B197F}
		{018E7C88-B4E2-41C7-AC67-575BA329237E} = {D112AF0B-B9EF-4EDB-8CFB-1456689B197F}
		{DCDF26AC-70BB-4CBC-B99A-78D8B7B23CFD} = {D112AF0B-B9EF-4EDB-8CFB-1456689B197F}
		{FEC045F2-21F3-4BE6-97D8-5EBB231EA4C2} = {D112AF0B-B9EF-4EDB-8CFB-1456689B197F}
		{FEB668ED-E4EF-49D2-92E0-43158F084A39} = {D112AF0B-B9EF-4EDB-8CFB-1456689B197F}
		{60AA72F3-5FE6-44E0-8D5D-A53DB1E12732} = {D112AF0B-B9EF-4EDB-8CFB-1456689B197F}
	EndGlobalSection
	GlobalSection(ExtensibilityGlobals) = postSolution
		SolutionGuid = {65D337D3-34E3-430C-9F30-E50BF2429B72}
	EndGlobalSection
EndGlobal
