
Microsoft Visual Studio Solution File, Format Version 12.00
# Visual Studio Version 17
VisualStudioVersion = 17.0.31919.166
MinimumVisualStudioVersion = 10.0.40219.1
Project("{9A19103F-16F7-4668-BE54-9A1E7A4F7556}") = "FEx.Abstractions", "src\FEx.Abstractions\FEx.Abstractions.csproj", "{1CFB2DC5-1112-4CE7-9934-16683DC2EB24}"
EndProject
Project("{2150E333-8FDC-42A3-9474-1A3956D46DE8}") = "src", "src", "{D4194A19-52D0-44CB-8F03-4E3F3A88230C}"
	ProjectSection(SolutionItems) = preProject
		src\Directory.Build.props = src\Directory.Build.props
	EndProjectSection
EndProject
Project("{9A19103F-16F7-4668-BE54-9A1E7A4F7556}") = "FEx.AzureStorage", "src\FEx.AzureStorage\FEx.AzureStorage.csproj", "{D2F24590-334B-445A-B888-9EAC3DF86064}"
EndProject
Project("{9A19103F-16F7-4668-BE54-9A1E7A4F7556}") = "FEx.DependencyInjection", "src\FEx.DependencyInjection\FEx.DependencyInjection.csproj", "{8DA0252D-B6F8-4C88-855F-33909AD2AA3D}"
EndProject
Project("{9A19103F-16F7-4668-BE54-9A1E7A4F7556}") = "FEx.Extensions", "src\FEx.Extensions\FEx.Extensions.csproj", "{0CBCCC66-7DF0-421E-A35D-23F2B60ABE77}"
EndProject
Project("{9A19103F-16F7-4668-BE54-9A1E7A4F7556}") = "FEx.KeyVault", "src\FEx.KeyVault\FEx.KeyVault.csproj", "{89788CCB-A358-49C0-9FD1-DE23EC2539B8}"
EndProject
Project("{9A19103F-16F7-4668-BE54-9A1E7A4F7556}") = "FEx.OneDrv", "src\FEx.OneDrv\FEx.OneDrv.csproj", "{8A27C92A-47DB-4E95-B4FD-A14C6D7DCD60}"
EndProject
Project("{9A19103F-16F7-4668-BE54-9A1E7A4F7556}") = "FEx.Utilities", "src\FEx.Utilities\FEx.Utilities.csproj", "{07120A92-5E86-4488-A36F-D161498D5114}"
EndProject
Project("{9A19103F-16F7-4668-BE54-9A1E7A4F7556}") = "FEx.WPFx", "src\FEx.WPFx\FEx.WPFx.csproj", "{9CE8EACB-7516-475E-8CB8-BA5718085C87}"
EndProject
Project("{2150E333-8FDC-42A3-9474-1A3956D46DE8}") = "Solution Items", "Solution Items", "{9E910495-5F6B-497B-A751-AA6804459DE8}"
	ProjectSection(SolutionItems) = preProject
		Directory.Build.props = Directory.Build.props
	EndProjectSection
EndProject
Project("{2150E333-8FDC-42A3-9474-1A3956D46DE8}") = "test", "test", "{1BE64FD9-754D-4182-A754-7F2CD8FDAAF6}"
EndProject
Project("{9A19103F-16F7-4668-BE54-9A1E7A4F7556}") = "FEX.OneDrv.Test", "test\FEX.OneDrv.Test\FEX.OneDrv.Test.csproj", "{3ECAA898-FB34-4ACD-827E-5D6036D87578}"
EndProject
Global
	GlobalSection(SolutionConfigurationPlatforms) = preSolution
		Debug|Any CPU = Debug|Any CPU
		Release|Any CPU = Release|Any CPU
	EndGlobalSection
	GlobalSection(ProjectConfigurationPlatforms) = postSolution
		{1CFB2DC5-1112-4CE7-9934-16683DC2EB24}.Debug|Any CPU.ActiveCfg = Debug|Any CPU
		{1CFB2DC5-1112-4CE7-9934-16683DC2EB24}.Debug|Any CPU.Build.0 = Debug|Any CPU
		{1CFB2DC5-1112-4CE7-9934-16683DC2EB24}.Release|Any CPU.ActiveCfg = Release|Any CPU
		{1CFB2DC5-1112-4CE7-9934-16683DC2EB24}.Release|Any CPU.Build.0 = Release|Any CPU
		{D2F24590-334B-445A-B888-9EAC3DF86064}.Debug|Any CPU.ActiveCfg = Debug|Any CPU
		{D2F24590-334B-445A-B888-9EAC3DF86064}.Debug|Any CPU.Build.0 = Debug|Any CPU
		{D2F24590-334B-445A-B888-9EAC3DF86064}.Release|Any CPU.ActiveCfg = Release|Any CPU
		{D2F24590-334B-445A-B888-9EAC3DF86064}.Release|Any CPU.Build.0 = Release|Any CPU
		{8DA0252D-B6F8-4C88-855F-33909AD2AA3D}.Debug|Any CPU.ActiveCfg = Debug|Any CPU
		{8DA0252D-B6F8-4C88-855F-33909AD2AA3D}.Debug|Any CPU.Build.0 = Debug|Any CPU
		{8DA0252D-B6F8-4C88-855F-33909AD2AA3D}.Release|Any CPU.ActiveCfg = Release|Any CPU
		{8DA0252D-B6F8-4C88-855F-33909AD2AA3D}.Release|Any CPU.Build.0 = Release|Any CPU
		{0CBCCC66-7DF0-421E-A35D-23F2B60ABE77}.Debug|Any CPU.ActiveCfg = Debug|Any CPU
		{0CBCCC66-7DF0-421E-A35D-23F2B60ABE77}.Debug|Any CPU.Build.0 = Debug|Any CPU
		{0CBCCC66-7DF0-421E-A35D-23F2B60ABE77}.Release|Any CPU.ActiveCfg = Release|Any CPU
		{0CBCCC66-7DF0-421E-A35D-23F2B60ABE77}.Release|Any CPU.Build.0 = Release|Any CPU
		{89788CCB-A358-49C0-9FD1-DE23EC2539B8}.Debug|Any CPU.ActiveCfg = Debug|Any CPU
		{89788CCB-A358-49C0-9FD1-DE23EC2539B8}.Debug|Any CPU.Build.0 = Debug|Any CPU
		{89788CCB-A358-49C0-9FD1-DE23EC2539B8}.Release|Any CPU.ActiveCfg = Release|Any CPU
		{89788CCB-A358-49C0-9FD1-DE23EC2539B8}.Release|Any CPU.Build.0 = Release|Any CPU
		{8A27C92A-47DB-4E95-B4FD-A14C6D7DCD60}.Debug|Any CPU.ActiveCfg = Debug|Any CPU
		{8A27C92A-47DB-4E95-B4FD-A14C6D7DCD60}.Debug|Any CPU.Build.0 = Debug|Any CPU
		{8A27C92A-47DB-4E95-B4FD-A14C6D7DCD60}.Release|Any CPU.ActiveCfg = Release|Any CPU
		{8A27C92A-47DB-4E95-B4FD-A14C6D7DCD60}.Release|Any CPU.Build.0 = Release|Any CPU
		{07120A92-5E86-4488-A36F-D161498D5114}.Debug|Any CPU.ActiveCfg = Debug|Any CPU
		{07120A92-5E86-4488-A36F-D161498D5114}.Debug|Any CPU.Build.0 = Debug|Any CPU
		{07120A92-5E86-4488-A36F-D161498D5114}.Release|Any CPU.ActiveCfg = Release|Any CPU
		{07120A92-5E86-4488-A36F-D161498D5114}.Release|Any CPU.Build.0 = Release|Any CPU
		{9CE8EACB-7516-475E-8CB8-BA5718085C87}.Debug|Any CPU.ActiveCfg = Debug|Any CPU
		{9CE8EACB-7516-475E-8CB8-BA5718085C87}.Debug|Any CPU.Build.0 = Debug|Any CPU
		{9CE8EACB-7516-475E-8CB8-BA5718085C87}.Release|Any CPU.ActiveCfg = Release|Any CPU
		{9CE8EACB-7516-475E-8CB8-BA5718085C87}.Release|Any CPU.Build.0 = Release|Any CPU
		{3ECAA898-FB34-4ACD-827E-5D6036D87578}.Debug|Any CPU.ActiveCfg = Debug|Any CPU
		{3ECAA898-FB34-4ACD-827E-5D6036D87578}.Debug|Any CPU.Build.0 = Debug|Any CPU
		{3ECAA898-FB34-4ACD-827E-5D6036D87578}.Release|Any CPU.ActiveCfg = Release|Any CPU
		{3ECAA898-FB34-4ACD-827E-5D6036D87578}.Release|Any CPU.Build.0 = Release|Any CPU
	EndGlobalSection
	GlobalSection(SolutionProperties) = preSolution
		HideSolutionNode = FALSE
	EndGlobalSection
	GlobalSection(NestedProjects) = preSolution
		{1CFB2DC5-1112-4CE7-9934-16683DC2EB24} = {D4194A19-52D0-44CB-8F03-4E3F3A88230C}
		{D2F24590-334B-445A-B888-9EAC3DF86064} = {D4194A19-52D0-44CB-8F03-4E3F3A88230C}
		{8DA0252D-B6F8-4C88-855F-33909AD2AA3D} = {D4194A19-52D0-44CB-8F03-4E3F3A88230C}
		{0CBCCC66-7DF0-421E-A35D-23F2B60ABE77} = {D4194A19-52D0-44CB-8F03-4E3F3A88230C}
		{89788CCB-A358-49C0-9FD1-DE23EC2539B8} = {D4194A19-52D0-44CB-8F03-4E3F3A88230C}
		{8A27C92A-47DB-4E95-B4FD-A14C6D7DCD60} = {D4194A19-52D0-44CB-8F03-4E3F3A88230C}
		{07120A92-5E86-4488-A36F-D161498D5114} = {D4194A19-52D0-44CB-8F03-4E3F3A88230C}
		{9CE8EACB-7516-475E-8CB8-BA5718085C87} = {D4194A19-52D0-44CB-8F03-4E3F3A88230C}
		{3ECAA898-FB34-4ACD-827E-5D6036D87578} = {1BE64FD9-754D-4182-A754-7F2CD8FDAAF6}
	EndGlobalSection
	GlobalSection(ExtensibilityGlobals) = postSolution
		SolutionGuid = {65D337D3-34E3-430C-9F30-E50BF2429B72}
	EndGlobalSection
EndGlobal
