Microsoft Visual Studio Solution File, Format Version 12.00
# Visual Studio Version 17
VisualStudioVersion = 17.1.32328.378
MinimumVisualStudioVersion = 10.0.40219.1
Project("{2150E333-8FDC-42A3-9474-1A3956D46DE8}") = "Solution Items", "Solution Items", "{9E910495-5F6B-497B-A751-AA6804459DE8}"
	ProjectSection(SolutionItems) = preProject
		Directory.Build.props = Directory.Build.props
	EndProjectSection
EndProject
Project("{2150E333-8FDC-42A3-9474-1A3956D46DE8}") = "DevConfigs", "DevConfigs", "{8869F1D1-1809-4CD8-8C77-311991C04AE9}"
	ProjectSection(SolutionItems) = preProject
		DevConfigs\.editorconfig = DevConfigs\.editorconfig
		DevConfigs\Directory.Build.props = DevConfigs\Directory.Build.props
	EndProjectSection
EndProject
Project("{2150E333-8FDC-42A3-9474-1A3956D46DE8}") = "test", "test", "{0C749CE0-73C3-4C8D-8FE0-41F326506E05}"
EndProject
Project("{2150E333-8FDC-42A3-9474-1A3956D46DE8}") = "src", "src", "{D112AF0B-B9EF-4EDB-8CFB-1456689B197F}"
EndProject
Project("{9A19103F-16F7-4668-BE54-9A1E7A4F7556}") = "FEx.WPFx", "src\FEx.WPFx\FEx.WPFx.csproj", "{BCD44347-2EAA-4184-BC17-E7B4FD94304E}"
EndProject
Project("{9A19103F-16F7-4668-BE54-9A1E7A4F7556}") = "FEx.Webx", "src\FEx.Webx\FEx.Webx.csproj", "{525DF502-27EA-49C1-863C-803FE679480D}"
EndProject
Project("{9A19103F-16F7-4668-BE54-9A1E7A4F7556}") = "FEx.WebScraping", "src\FEx.WebScraping\FEx.WebScraping.csproj", "{ADDC5225-6017-462C-9486-98DCEB66F2C5}"
EndProject
Project("{9A19103F-16F7-4668-BE54-9A1E7A4F7556}") = "FEx.Telemetry", "src\FEx.Telemetry\FEx.Telemetry.csproj", "{56FAE642-9AA9-4AB4-BD8F-C582049E30C5}"
EndProject
Project("{9A19103F-16F7-4668-BE54-9A1E7A4F7556}") = "FEx.SecureStorage", "src\FEx.SecureStorage\FEx.SecureStorage.csproj", "{BCC54740-3512-4C73-9B2E-96EAB6BE7DEC}"
EndProject
Project("{9A19103F-16F7-4668-BE54-9A1E7A4F7556}") = "FEx.Rx", "src\FEx.Rx\FEx.Rx.csproj", "{394B545F-F85D-4949-A157-CED8B4F62B74}"
EndProject
Project("{9A19103F-16F7-4668-BE54-9A1E7A4F7556}") = "FEx.Platforms.Abstractions", "src\FEx.Platforms.Abstractions\FEx.Platforms.Abstractions.csproj", "{22F36FF2-90E4-4B2C-8A05-A77EF7BB1223}"
EndProject
Project("{9A19103F-16F7-4668-BE54-9A1E7A4F7556}") = "FEx.Platforms", "src\FEx.Platforms\FEx.Platforms.csproj", "{E00B6627-9301-43C0-9EF4-3330D5792AB8}"
EndProject
Project("{9A19103F-16F7-4668-BE54-9A1E7A4F7556}") = "FEx.OneDrv", "src\FEx.OneDrv\FEx.OneDrv.csproj", "{9C133A7D-E14E-4A6D-BE7B-FB49B9183042}"
EndProject
Project("{9A19103F-16F7-4668-BE54-9A1E7A4F7556}") = "FEx.MVVM.Abstractions", "src\FEx.MVVM.Abstractions\FEx.MVVM.Abstractions.csproj", "{237169EF-F35F-4060-840A-D5FF0D90135B}"
EndProject
Project("{9A19103F-16F7-4668-BE54-9A1E7A4F7556}") = "FEx.MVVM", "src\FEx.MVVM\FEx.MVVM.csproj", "{DC4B0381-4585-4CD5-9017-689A03E08635}"
EndProject
Project("{9A19103F-16F7-4668-BE54-9A1E7A4F7556}") = "FEx.Maui", "src\FEx.Maui\FEx.Maui.csproj", "{D42635BD-D917-4014-B26E-1BD571E909FA}"
EndProject
Project("{9A19103F-16F7-4668-BE54-9A1E7A4F7556}") = "FEx.Logging.Abstractions", "src\FEx.Logging.Abstractions\FEx.Logging.Abstractions.csproj", "{C480E8FC-ED4B-4700-82E0-6E4415BFF70D}"
EndProject
Project("{9A19103F-16F7-4668-BE54-9A1E7A4F7556}") = "FEx.Logging", "src\FEx.Logging\FEx.Logging.csproj", "{A5E34F70-2049-48BD-B230-7F0240151069}"
EndProject
Project("{9A19103F-16F7-4668-BE54-9A1E7A4F7556}") = "FEx.LiteDBx", "src\FEx.LiteDBx\FEx.LiteDBx.csproj", "{499632FB-C21D-4766-A280-5BE9F37A9D97}"
EndProject
Project("{9A19103F-16F7-4668-BE54-9A1E7A4F7556}") = "FEx.KeyVault", "src\FEx.KeyVault\FEx.KeyVault.csproj", "{C324F038-BDD8-4FEE-B2B8-648DD99A592A}"
EndProject
Project("{9A19103F-16F7-4668-BE54-9A1E7A4F7556}") = "FEx.Json", "src\FEx.Json\FEx.Json.csproj", "{AEC9999D-9B75-45A4-9902-34BD71511FF5}"
EndProject
Project("{9A19103F-16F7-4668-BE54-9A1E7A4F7556}") = "FEx.Fundamentals", "src\FEx.Fundamentals\FEx.Fundamentals.csproj", "{371E3857-25E0-4631-B8D4-2CD31F972E58}"
EndProject
Project("{9A19103F-16F7-4668-BE54-9A1E7A4F7556}") = "FEx.Flurlx", "src\FEx.Flurlx\FEx.Flurlx.csproj", "{801DCE16-C845-44D2-AF72-7FA85CD078FE}"
EndProject
Project("{9A19103F-16F7-4668-BE54-9A1E7A4F7556}") = "FEx.Extensions", "src\FEx.Extensions\FEx.Extensions.csproj", "{6A5B6C7A-96AA-480F-B14D-4CA79C863567}"
EndProject
Project("{9A19103F-16F7-4668-BE54-9A1E7A4F7556}") = "FEx.Encryption", "src\FEx.Encryption\FEx.Encryption.csproj", "{B259D408-A92E-4102-B155-4A3892EA1D44}"
EndProject
Project("{9A19103F-16F7-4668-BE54-9A1E7A4F7556}") = "FEx.EFCore", "src\FEx.EFCore\FEx.EFCore.csproj", "{BFEB5B19-F51E-4D18-B5D7-6CB87EA93F91}"
EndProject
Project("{9A19103F-16F7-4668-BE54-9A1E7A4F7556}") = "FEx.Downloader", "src\FEx.Downloader\FEx.Downloader.csproj", "{E9B86592-DD26-4F54-ABA3-00DEB7C5B8B7}"
EndProject
Project("{9A19103F-16F7-4668-BE54-9A1E7A4F7556}") = "FEx.DependencyInjection", "src\FEx.DependencyInjection\FEx.DependencyInjection.csproj", "{7E288DB8-DF7B-4F58-BB97-E17FF4086786}"
EndProject
Project("{9A19103F-16F7-4668-BE54-9A1E7A4F7556}") = "FEx.CLI", "src\FEx.CLI\FEx.CLI.csproj", "{667E8CB7-65EA-4918-86D9-33672E2BAB17}"
EndProject
Project("{9A19103F-16F7-4668-BE54-9A1E7A4F7556}") = "FEx.Basics", "src\FEx.Basics\FEx.Basics.csproj", "{7F19B41D-E6A1-4DD0-8EAB-E9A7851F79EE}"
EndProject
Project("{9A19103F-16F7-4668-BE54-9A1E7A4F7556}") = "FEx.AzureStorage", "src\FEx.AzureStorage\FEx.AzureStorage.csproj", "{88EABAB6-7937-48DA-A79C-9B1965CB891A}"
EndProject
Project("{9A19103F-16F7-4668-BE54-9A1E7A4F7556}") = "FEx.Avaloniax", "src\FEx.Avaloniax\FEx.Avaloniax.csproj", "{FAB773CE-3F7C-482F-AC0F-E8A5B0900615}"
EndProject
Project("{9A19103F-16F7-4668-BE54-9A1E7A4F7556}") = "FEx.Asyncx", "src\FEx.Asyncx\FEx.Asyncx.csproj", "{7EFEE974-ED27-4780-B793-345327E41819}"
EndProject
Project("{9A19103F-16F7-4668-BE54-9A1E7A4F7556}") = "FEx.AppSettings", "src\FEx.AppSettings\FEx.AppSettings.csproj", "{C6FACEB0-E1F0-4360-8F71-810B32DC1B7A}"
EndProject
Project("{9A19103F-16F7-4668-BE54-9A1E7A4F7556}") = "FEx.Abstractions", "src\FEx.Abstractions\FEx.Abstractions.csproj", "{BB754668-E1E6-4A3E-B48C-0595AF1D4984}"
EndProject
Project("{9A19103F-16F7-4668-BE54-9A1E7A4F7556}") = "FEx.Rx.Tests", "test\FEx.Rx.Tests\FEx.Rx.Tests.csproj", "{6865497A-04A5-46C0-9F44-0B7F3E19D43D}"
EndProject
Project("{9A19103F-16F7-4668-BE54-9A1E7A4F7556}") = "FEX.OneDrv.Test", "test\FEX.OneDrv.Test\FEX.OneDrv.Test.csproj", "{C93EC58D-9F9F-4A12-9434-CA60C6379D3A}"
EndProject
Project("{9A19103F-16F7-4668-BE54-9A1E7A4F7556}") = "FEx.MVVM.Tests", "test\FEx.MVVM.Tests\FEx.MVVM.Tests.csproj", "{F5242682-62B7-498C-B0D1-1B8B22A1BCAC}"
EndProject
Project("{9A19103F-16F7-4668-BE54-9A1E7A4F7556}") = "FEx.AzureStorage.Test", "test\FEx.AzureStorage.Test\FEx.AzureStorage.Test.csproj", "{CF26A177-18CD-41DC-8FB1-D7F8674E0A44}"
EndProject
Global
	GlobalSection(SolutionConfigurationPlatforms) = preSolution
		Debug|Any CPU = Debug|Any CPU
		Release|Any CPU = Release|Any CPU
	EndGlobalSection
	GlobalSection(ProjectConfigurationPlatforms) = postSolution
		{BCD44347-2EAA-4184-BC17-E7B4FD94304E}.Debug|Any CPU.ActiveCfg = Debug|Any CPU
		{BCD44347-2EAA-4184-BC17-E7B4FD94304E}.Debug|Any CPU.Build.0 = Debug|Any CPU
		{BCD44347-2EAA-4184-BC17-E7B4FD94304E}.Release|Any CPU.ActiveCfg = Release|Any CPU
		{BCD44347-2EAA-4184-BC17-E7B4FD94304E}.Release|Any CPU.Build.0 = Release|Any CPU
		{525DF502-27EA-49C1-863C-803FE679480D}.Debug|Any CPU.ActiveCfg = Debug|Any CPU
		{525DF502-27EA-49C1-863C-803FE679480D}.Debug|Any CPU.Build.0 = Debug|Any CPU
		{525DF502-27EA-49C1-863C-803FE679480D}.Release|Any CPU.ActiveCfg = Release|Any CPU
		{525DF502-27EA-49C1-863C-803FE679480D}.Release|Any CPU.Build.0 = Release|Any CPU
		{ADDC5225-6017-462C-9486-98DCEB66F2C5}.Debug|Any CPU.ActiveCfg = Debug|Any CPU
		{ADDC5225-6017-462C-9486-98DCEB66F2C5}.Debug|Any CPU.Build.0 = Debug|Any CPU
		{ADDC5225-6017-462C-9486-98DCEB66F2C5}.Release|Any CPU.ActiveCfg = Release|Any CPU
		{ADDC5225-6017-462C-9486-98DCEB66F2C5}.Release|Any CPU.Build.0 = Release|Any CPU
		{56FAE642-9AA9-4AB4-BD8F-C582049E30C5}.Debug|Any CPU.ActiveCfg = Debug|Any CPU
		{56FAE642-9AA9-4AB4-BD8F-C582049E30C5}.Debug|Any CPU.Build.0 = Debug|Any CPU
		{56FAE642-9AA9-4AB4-BD8F-C582049E30C5}.Release|Any CPU.ActiveCfg = Release|Any CPU
		{56FAE642-9AA9-4AB4-BD8F-C582049E30C5}.Release|Any CPU.Build.0 = Release|Any CPU
		{BCC54740-3512-4C73-9B2E-96EAB6BE7DEC}.Debug|Any CPU.ActiveCfg = Debug|Any CPU
		{BCC54740-3512-4C73-9B2E-96EAB6BE7DEC}.Debug|Any CPU.Build.0 = Debug|Any CPU
		{BCC54740-3512-4C73-9B2E-96EAB6BE7DEC}.Release|Any CPU.ActiveCfg = Release|Any CPU
		{BCC54740-3512-4C73-9B2E-96EAB6BE7DEC}.Release|Any CPU.Build.0 = Release|Any CPU
		{394B545F-F85D-4949-A157-CED8B4F62B74}.Debug|Any CPU.ActiveCfg = Debug|Any CPU
		{394B545F-F85D-4949-A157-CED8B4F62B74}.Debug|Any CPU.Build.0 = Debug|Any CPU
		{394B545F-F85D-4949-A157-CED8B4F62B74}.Release|Any CPU.ActiveCfg = Release|Any CPU
		{394B545F-F85D-4949-A157-CED8B4F62B74}.Release|Any CPU.Build.0 = Release|Any CPU
		{22F36FF2-90E4-4B2C-8A05-A77EF7BB1223}.Debug|Any CPU.ActiveCfg = Debug|Any CPU
		{22F36FF2-90E4-4B2C-8A05-A77EF7BB1223}.Debug|Any CPU.Build.0 = Debug|Any CPU
		{22F36FF2-90E4-4B2C-8A05-A77EF7BB1223}.Release|Any CPU.ActiveCfg = Release|Any CPU
		{22F36FF2-90E4-4B2C-8A05-A77EF7BB1223}.Release|Any CPU.Build.0 = Release|Any CPU
		{E00B6627-9301-43C0-9EF4-3330D5792AB8}.Debug|Any CPU.ActiveCfg = Debug|Any CPU
		{E00B6627-9301-43C0-9EF4-3330D5792AB8}.Debug|Any CPU.Build.0 = Debug|Any CPU
		{E00B6627-9301-43C0-9EF4-3330D5792AB8}.Release|Any CPU.ActiveCfg = Release|Any CPU
		{E00B6627-9301-43C0-9EF4-3330D5792AB8}.Release|Any CPU.Build.0 = Release|Any CPU
		{9C133A7D-E14E-4A6D-BE7B-FB49B9183042}.Debug|Any CPU.ActiveCfg = Debug|Any CPU
		{9C133A7D-E14E-4A6D-BE7B-FB49B9183042}.Debug|Any CPU.Build.0 = Debug|Any CPU
		{9C133A7D-E14E-4A6D-BE7B-FB49B9183042}.Release|Any CPU.ActiveCfg = Release|Any CPU
		{9C133A7D-E14E-4A6D-BE7B-FB49B9183042}.Release|Any CPU.Build.0 = Release|Any CPU
		{237169EF-F35F-4060-840A-D5FF0D90135B}.Debug|Any CPU.ActiveCfg = Debug|Any CPU
		{237169EF-F35F-4060-840A-D5FF0D90135B}.Debug|Any CPU.Build.0 = Debug|Any CPU
		{237169EF-F35F-4060-840A-D5FF0D90135B}.Release|Any CPU.ActiveCfg = Release|Any CPU
		{237169EF-F35F-4060-840A-D5FF0D90135B}.Release|Any CPU.Build.0 = Release|Any CPU
		{DC4B0381-4585-4CD5-9017-689A03E08635}.Debug|Any CPU.ActiveCfg = Debug|Any CPU
		{DC4B0381-4585-4CD5-9017-689A03E08635}.Debug|Any CPU.Build.0 = Debug|Any CPU
		{DC4B0381-4585-4CD5-9017-689A03E08635}.Release|Any CPU.ActiveCfg = Release|Any CPU
		{DC4B0381-4585-4CD5-9017-689A03E08635}.Release|Any CPU.Build.0 = Release|Any CPU
		{D42635BD-D917-4014-B26E-1BD571E909FA}.Debug|Any CPU.ActiveCfg = Debug|Any CPU
		{D42635BD-D917-4014-B26E-1BD571E909FA}.Debug|Any CPU.Build.0 = Debug|Any CPU
		{D42635BD-D917-4014-B26E-1BD571E909FA}.Release|Any CPU.ActiveCfg = Release|Any CPU
		{D42635BD-D917-4014-B26E-1BD571E909FA}.Release|Any CPU.Build.0 = Release|Any CPU
		{C480E8FC-ED4B-4700-82E0-6E4415BFF70D}.Debug|Any CPU.ActiveCfg = Debug|Any CPU
		{C480E8FC-ED4B-4700-82E0-6E4415BFF70D}.Debug|Any CPU.Build.0 = Debug|Any CPU
		{C480E8FC-ED4B-4700-82E0-6E4415BFF70D}.Release|Any CPU.ActiveCfg = Release|Any CPU
		{C480E8FC-ED4B-4700-82E0-6E4415BFF70D}.Release|Any CPU.Build.0 = Release|Any CPU
		{A5E34F70-2049-48BD-B230-7F0240151069}.Debug|Any CPU.ActiveCfg = Debug|Any CPU
		{A5E34F70-2049-48BD-B230-7F0240151069}.Debug|Any CPU.Build.0 = Debug|Any CPU
		{A5E34F70-2049-48BD-B230-7F0240151069}.Release|Any CPU.ActiveCfg = Release|Any CPU
		{A5E34F70-2049-48BD-B230-7F0240151069}.Release|Any CPU.Build.0 = Release|Any CPU
		{499632FB-C21D-4766-A280-5BE9F37A9D97}.Debug|Any CPU.ActiveCfg = Debug|Any CPU
		{499632FB-C21D-4766-A280-5BE9F37A9D97}.Debug|Any CPU.Build.0 = Debug|Any CPU
		{499632FB-C21D-4766-A280-5BE9F37A9D97}.Release|Any CPU.ActiveCfg = Release|Any CPU
		{499632FB-C21D-4766-A280-5BE9F37A9D97}.Release|Any CPU.Build.0 = Release|Any CPU
		{C324F038-BDD8-4FEE-B2B8-648DD99A592A}.Debug|Any CPU.ActiveCfg = Debug|Any CPU
		{C324F038-BDD8-4FEE-B2B8-648DD99A592A}.Debug|Any CPU.Build.0 = Debug|Any CPU
		{C324F038-BDD8-4FEE-B2B8-648DD99A592A}.Release|Any CPU.ActiveCfg = Release|Any CPU
		{C324F038-BDD8-4FEE-B2B8-648DD99A592A}.Release|Any CPU.Build.0 = Release|Any CPU
		{AEC9999D-9B75-45A4-9902-34BD71511FF5}.Debug|Any CPU.ActiveCfg = Debug|Any CPU
		{AEC9999D-9B75-45A4-9902-34BD71511FF5}.Debug|Any CPU.Build.0 = Debug|Any CPU
		{AEC9999D-9B75-45A4-9902-34BD71511FF5}.Release|Any CPU.ActiveCfg = Release|Any CPU
		{AEC9999D-9B75-45A4-9902-34BD71511FF5}.Release|Any CPU.Build.0 = Release|Any CPU
		{371E3857-25E0-4631-B8D4-2CD31F972E58}.Debug|Any CPU.ActiveCfg = Debug|Any CPU
		{371E3857-25E0-4631-B8D4-2CD31F972E58}.Debug|Any CPU.Build.0 = Debug|Any CPU
		{371E3857-25E0-4631-B8D4-2CD31F972E58}.Release|Any CPU.ActiveCfg = Release|Any CPU
		{371E3857-25E0-4631-B8D4-2CD31F972E58}.Release|Any CPU.Build.0 = Release|Any CPU
		{801DCE16-C845-44D2-AF72-7FA85CD078FE}.Debug|Any CPU.ActiveCfg = Debug|Any CPU
		{801DCE16-C845-44D2-AF72-7FA85CD078FE}.Debug|Any CPU.Build.0 = Debug|Any CPU
		{801DCE16-C845-44D2-AF72-7FA85CD078FE}.Release|Any CPU.ActiveCfg = Release|Any CPU
		{801DCE16-C845-44D2-AF72-7FA85CD078FE}.Release|Any CPU.Build.0 = Release|Any CPU
		{6A5B6C7A-96AA-480F-B14D-4CA79C863567}.Debug|Any CPU.ActiveCfg = Debug|Any CPU
		{6A5B6C7A-96AA-480F-B14D-4CA79C863567}.Debug|Any CPU.Build.0 = Debug|Any CPU
		{6A5B6C7A-96AA-480F-B14D-4CA79C863567}.Release|Any CPU.ActiveCfg = Release|Any CPU
		{6A5B6C7A-96AA-480F-B14D-4CA79C863567}.Release|Any CPU.Build.0 = Release|Any CPU
		{B259D408-A92E-4102-B155-4A3892EA1D44}.Debug|Any CPU.ActiveCfg = Debug|Any CPU
		{B259D408-A92E-4102-B155-4A3892EA1D44}.Debug|Any CPU.Build.0 = Debug|Any CPU
		{B259D408-A92E-4102-B155-4A3892EA1D44}.Release|Any CPU.ActiveCfg = Release|Any CPU
		{B259D408-A92E-4102-B155-4A3892EA1D44}.Release|Any CPU.Build.0 = Release|Any CPU
		{BFEB5B19-F51E-4D18-B5D7-6CB87EA93F91}.Debug|Any CPU.ActiveCfg = Debug|Any CPU
		{BFEB5B19-F51E-4D18-B5D7-6CB87EA93F91}.Debug|Any CPU.Build.0 = Debug|Any CPU
		{BFEB5B19-F51E-4D18-B5D7-6CB87EA93F91}.Release|Any CPU.ActiveCfg = Release|Any CPU
		{BFEB5B19-F51E-4D18-B5D7-6CB87EA93F91}.Release|Any CPU.Build.0 = Release|Any CPU
		{E9B86592-DD26-4F54-ABA3-00DEB7C5B8B7}.Debug|Any CPU.ActiveCfg = Debug|Any CPU
		{E9B86592-DD26-4F54-ABA3-00DEB7C5B8B7}.Debug|Any CPU.Build.0 = Debug|Any CPU
		{E9B86592-DD26-4F54-ABA3-00DEB7C5B8B7}.Release|Any CPU.ActiveCfg = Release|Any CPU
		{E9B86592-DD26-4F54-ABA3-00DEB7C5B8B7}.Release|Any CPU.Build.0 = Release|Any CPU
		{7E288DB8-DF7B-4F58-BB97-E17FF4086786}.Debug|Any CPU.ActiveCfg = Debug|Any CPU
		{7E288DB8-DF7B-4F58-BB97-E17FF4086786}.Debug|Any CPU.Build.0 = Debug|Any CPU
		{7E288DB8-DF7B-4F58-BB97-E17FF4086786}.Release|Any CPU.ActiveCfg = Release|Any CPU
		{7E288DB8-DF7B-4F58-BB97-E17FF4086786}.Release|Any CPU.Build.0 = Release|Any CPU
		{667E8CB7-65EA-4918-86D9-33672E2BAB17}.Debug|Any CPU.ActiveCfg = Debug|Any CPU
		{667E8CB7-65EA-4918-86D9-33672E2BAB17}.Debug|Any CPU.Build.0 = Debug|Any CPU
		{667E8CB7-65EA-4918-86D9-33672E2BAB17}.Release|Any CPU.ActiveCfg = Release|Any CPU
		{667E8CB7-65EA-4918-86D9-33672E2BAB17}.Release|Any CPU.Build.0 = Release|Any CPU
		{7F19B41D-E6A1-4DD0-8EAB-E9A7851F79EE}.Debug|Any CPU.ActiveCfg = Debug|Any CPU
		{7F19B41D-E6A1-4DD0-8EAB-E9A7851F79EE}.Debug|Any CPU.Build.0 = Debug|Any CPU
		{7F19B41D-E6A1-4DD0-8EAB-E9A7851F79EE}.Release|Any CPU.ActiveCfg = Release|Any CPU
		{7F19B41D-E6A1-4DD0-8EAB-E9A7851F79EE}.Release|Any CPU.Build.0 = Release|Any CPU
		{88EABAB6-7937-48DA-A79C-9B1965CB891A}.Debug|Any CPU.ActiveCfg = Debug|Any CPU
		{88EABAB6-7937-48DA-A79C-9B1965CB891A}.Debug|Any CPU.Build.0 = Debug|Any CPU
		{88EABAB6-7937-48DA-A79C-9B1965CB891A}.Release|Any CPU.ActiveCfg = Release|Any CPU
		{88EABAB6-7937-48DA-A79C-9B1965CB891A}.Release|Any CPU.Build.0 = Release|Any CPU
		{FAB773CE-3F7C-482F-AC0F-E8A5B0900615}.Debug|Any CPU.ActiveCfg = Debug|Any CPU
		{FAB773CE-3F7C-482F-AC0F-E8A5B0900615}.Debug|Any CPU.Build.0 = Debug|Any CPU
		{FAB773CE-3F7C-482F-AC0F-E8A5B0900615}.Release|Any CPU.ActiveCfg = Release|Any CPU
		{FAB773CE-3F7C-482F-AC0F-E8A5B0900615}.Release|Any CPU.Build.0 = Release|Any CPU
		{7EFEE974-ED27-4780-B793-345327E41819}.Debug|Any CPU.ActiveCfg = Debug|Any CPU
		{7EFEE974-ED27-4780-B793-345327E41819}.Debug|Any CPU.Build.0 = Debug|Any CPU
		{7EFEE974-ED27-4780-B793-345327E41819}.Release|Any CPU.ActiveCfg = Release|Any CPU
		{7EFEE974-ED27-4780-B793-345327E41819}.Release|Any CPU.Build.0 = Release|Any CPU
		{C6FACEB0-E1F0-4360-8F71-810B32DC1B7A}.Debug|Any CPU.ActiveCfg = Debug|Any CPU
		{C6FACEB0-E1F0-4360-8F71-810B32DC1B7A}.Debug|Any CPU.Build.0 = Debug|Any CPU
		{C6FACEB0-E1F0-4360-8F71-810B32DC1B7A}.Release|Any CPU.ActiveCfg = Release|Any CPU
		{C6FACEB0-E1F0-4360-8F71-810B32DC1B7A}.Release|Any CPU.Build.0 = Release|Any CPU
		{BB754668-E1E6-4A3E-B48C-0595AF1D4984}.Debug|Any CPU.ActiveCfg = Debug|Any CPU
		{BB754668-E1E6-4A3E-B48C-0595AF1D4984}.Debug|Any CPU.Build.0 = Debug|Any CPU
		{BB754668-E1E6-4A3E-B48C-0595AF1D4984}.Release|Any CPU.ActiveCfg = Release|Any CPU
		{BB754668-E1E6-4A3E-B48C-0595AF1D4984}.Release|Any CPU.Build.0 = Release|Any CPU
		{6865497A-04A5-46C0-9F44-0B7F3E19D43D}.Debug|Any CPU.ActiveCfg = Debug|Any CPU
		{6865497A-04A5-46C0-9F44-0B7F3E19D43D}.Debug|Any CPU.Build.0 = Debug|Any CPU
		{6865497A-04A5-46C0-9F44-0B7F3E19D43D}.Release|Any CPU.ActiveCfg = Release|Any CPU
		{6865497A-04A5-46C0-9F44-0B7F3E19D43D}.Release|Any CPU.Build.0 = Release|Any CPU
		{C93EC58D-9F9F-4A12-9434-CA60C6379D3A}.Debug|Any CPU.ActiveCfg = Debug|Any CPU
		{C93EC58D-9F9F-4A12-9434-CA60C6379D3A}.Debug|Any CPU.Build.0 = Debug|Any CPU
		{C93EC58D-9F9F-4A12-9434-CA60C6379D3A}.Release|Any CPU.ActiveCfg = Release|Any CPU
		{C93EC58D-9F9F-4A12-9434-CA60C6379D3A}.Release|Any CPU.Build.0 = Release|Any CPU
		{F5242682-62B7-498C-B0D1-1B8B22A1BCAC}.Debug|Any CPU.ActiveCfg = Debug|Any CPU
		{F5242682-62B7-498C-B0D1-1B8B22A1BCAC}.Debug|Any CPU.Build.0 = Debug|Any CPU
		{F5242682-62B7-498C-B0D1-1B8B22A1BCAC}.Release|Any CPU.ActiveCfg = Release|Any CPU
		{F5242682-62B7-498C-B0D1-1B8B22A1BCAC}.Release|Any CPU.Build.0 = Release|Any CPU
		{CF26A177-18CD-41DC-8FB1-D7F8674E0A44}.Debug|Any CPU.ActiveCfg = Debug|Any CPU
		{CF26A177-18CD-41DC-8FB1-D7F8674E0A44}.Debug|Any CPU.Build.0 = Debug|Any CPU
		{CF26A177-18CD-41DC-8FB1-D7F8674E0A44}.Release|Any CPU.ActiveCfg = Release|Any CPU
		{CF26A177-18CD-41DC-8FB1-D7F8674E0A44}.Release|Any CPU.Build.0 = Release|Any CPU
	EndGlobalSection
	GlobalSection(SolutionProperties) = preSolution
		HideSolutionNode = FALSE
	EndGlobalSection
	GlobalSection(NestedProjects) = preSolution
		{8869F1D1-1809-4CD8-8C77-311991C04AE9} = {9E910495-5F6B-497B-A751-AA6804459DE8}
		{BCD44347-2EAA-4184-BC17-E7B4FD94304E} = {D112AF0B-B9EF-4EDB-8CFB-1456689B197F}
		{525DF502-27EA-49C1-863C-803FE679480D} = {D112AF0B-B9EF-4EDB-8CFB-1456689B197F}
		{ADDC5225-6017-462C-9486-98DCEB66F2C5} = {D112AF0B-B9EF-4EDB-8CFB-1456689B197F}
		{56FAE642-9AA9-4AB4-BD8F-C582049E30C5} = {D112AF0B-B9EF-4EDB-8CFB-1456689B197F}
		{BCC54740-3512-4C73-9B2E-96EAB6BE7DEC} = {D112AF0B-B9EF-4EDB-8CFB-1456689B197F}
		{394B545F-F85D-4949-A157-CED8B4F62B74} = {D112AF0B-B9EF-4EDB-8CFB-1456689B197F}
		{22F36FF2-90E4-4B2C-8A05-A77EF7BB1223} = {D112AF0B-B9EF-4EDB-8CFB-1456689B197F}
		{E00B6627-9301-43C0-9EF4-3330D5792AB8} = {D112AF0B-B9EF-4EDB-8CFB-1456689B197F}
		{9C133A7D-E14E-4A6D-BE7B-FB49B9183042} = {D112AF0B-B9EF-4EDB-8CFB-1456689B197F}
		{237169EF-F35F-4060-840A-D5FF0D90135B} = {D112AF0B-B9EF-4EDB-8CFB-1456689B197F}
		{DC4B0381-4585-4CD5-9017-689A03E08635} = {D112AF0B-B9EF-4EDB-8CFB-1456689B197F}
		{D42635BD-D917-4014-B26E-1BD571E909FA} = {D112AF0B-B9EF-4EDB-8CFB-1456689B197F}
		{C480E8FC-ED4B-4700-82E0-6E4415BFF70D} = {D112AF0B-B9EF-4EDB-8CFB-1456689B197F}
		{A5E34F70-2049-48BD-B230-7F0240151069} = {D112AF0B-B9EF-4EDB-8CFB-1456689B197F}
		{499632FB-C21D-4766-A280-5BE9F37A9D97} = {D112AF0B-B9EF-4EDB-8CFB-1456689B197F}
		{C324F038-BDD8-4FEE-B2B8-648DD99A592A} = {D112AF0B-B9EF-4EDB-8CFB-1456689B197F}
		{AEC9999D-9B75-45A4-9902-34BD71511FF5} = {D112AF0B-B9EF-4EDB-8CFB-1456689B197F}
		{371E3857-25E0-4631-B8D4-2CD31F972E58} = {D112AF0B-B9EF-4EDB-8CFB-1456689B197F}
		{801DCE16-C845-44D2-AF72-7FA85CD078FE} = {D112AF0B-B9EF-4EDB-8CFB-1456689B197F}
		{6A5B6C7A-96AA-480F-B14D-4CA79C863567} = {D112AF0B-B9EF-4EDB-8CFB-1456689B197F}
		{B259D408-A92E-4102-B155-4A3892EA1D44} = {D112AF0B-B9EF-4EDB-8CFB-1456689B197F}
		{BFEB5B19-F51E-4D18-B5D7-6CB87EA93F91} = {D112AF0B-B9EF-4EDB-8CFB-1456689B197F}
		{E9B86592-DD26-4F54-ABA3-00DEB7C5B8B7} = {D112AF0B-B9EF-4EDB-8CFB-1456689B197F}
		{7E288DB8-DF7B-4F58-BB97-E17FF4086786} = {D112AF0B-B9EF-4EDB-8CFB-1456689B197F}
		{667E8CB7-65EA-4918-86D9-33672E2BAB17} = {D112AF0B-B9EF-4EDB-8CFB-1456689B197F}
		{7F19B41D-E6A1-4DD0-8EAB-E9A7851F79EE} = {D112AF0B-B9EF-4EDB-8CFB-1456689B197F}
		{88EABAB6-7937-48DA-A79C-9B1965CB891A} = {D112AF0B-B9EF-4EDB-8CFB-1456689B197F}
		{FAB773CE-3F7C-482F-AC0F-E8A5B0900615} = {D112AF0B-B9EF-4EDB-8CFB-1456689B197F}
		{7EFEE974-ED27-4780-B793-345327E41819} = {D112AF0B-B9EF-4EDB-8CFB-1456689B197F}
		{C6FACEB0-E1F0-4360-8F71-810B32DC1B7A} = {D112AF0B-B9EF-4EDB-8CFB-1456689B197F}
		{BB754668-E1E6-4A3E-B48C-0595AF1D4984} = {D112AF0B-B9EF-4EDB-8CFB-1456689B197F}
		{6865497A-04A5-46C0-9F44-0B7F3E19D43D} = {0C749CE0-73C3-4C8D-8FE0-41F326506E05}
		{C93EC58D-9F9F-4A12-9434-CA60C6379D3A} = {0C749CE0-73C3-4C8D-8FE0-41F326506E05}
		{F5242682-62B7-498C-B0D1-1B8B22A1BCAC} = {0C749CE0-73C3-4C8D-8FE0-41F326506E05}
		{CF26A177-18CD-41DC-8FB1-D7F8674E0A44} = {0C749CE0-73C3-4C8D-8FE0-41F326506E05}
	EndGlobalSection
	GlobalSection(ExtensibilityGlobals) = postSolution
		SolutionGuid = {65D337D3-34E3-430C-9F30-E50BF2429B72}
	EndGlobalSection
EndGlobal
